# THIS IS AN AUTOGENERATED FILE. DO NOT EDIT THIS FILE DIRECTLY.
# yarn lockfile v1


fuse.js@^7.0.0:
  version "7.0.0"
  resolved "https://registry.yarnpkg.com/fuse.js/-/fuse.js-7.0.0.tgz#6573c9fcd4c8268e403b4fc7d7131ffcf99a9eb2"
  integrity sha512-14F4hBIxqKvD4Zz/XjDc3y94mNZN6pRv3U13Udo0lNLCWRBUsrMv2xwcF/y/Z5sV6+FQW+/ow68cHpm4sunt8Q==
